lockfileVersion: '9.0'

settings:
  autoInstallPeers: true
  excludeLinksFromLockfile: false

importers:

  .:
    dependencies:
      '@worldofsoftware/dotenv-reader':
        specifier: workspace:*
        version: link:../../packages/common/dotenv-reader
      zod:
        specifier: ^3.23.8
        version: 3.23.8
    devDependencies:
      '@eslint/compat':
        specifier: ^1.1.1
        version: 1.1.1
      '@worldofsoftware/eslint-config':
        specifier: workspace:*
        version: link:../../packages/configs/eslint
      '@worldofsoftware/eslint-config-typescript':
        specifier: workspace:*
        version: link:../../packages/configs/eslint/typescript
      '@worldofsoftware/prettier-config':
        specifier: workspace:*
        version: link:../../packages/configs/prettier
      '@worldofsoftware/typescript-config':
        specifier: workspace:*
        version: link:../../packages/configs/typescript

packages:

  '@eslint/compat@1.1.1':
    resolution: {integrity: sha512-lpHyRyplhGPL5mGEh6M9O5nnKk0Gz4bFI+Zu6tKlPpDUN7XshWvH9C/px4UVm87IAANE0W81CEsNGbS1KlzXpA==}
    engines: {node: ^18.18.0 || ^20.9.0 || >=21.1.0}

  zod@3.23.8:
    resolution: {integrity: sha512-XBx9AXhXktjUqnepgTiE5flcKIYWi/rme0Eaj+5Y0lftuGBq+jyRu/md4WnuxqgP1ubdpNCsYEYPxrzVHD8d6g==}

snapshots:

  '@eslint/compat@1.1.1': {}

  zod@3.23.8: {}
